// !$*UTF8*$!
{
	archiveVersion = 1;
	classes = {
	};
	objectVersion = 50;
	objects = {

/* Begin PBXBuildFile section */
		EE2B41842248684A00A8FD5A /* AppDelegate.m in Sources */ = {isa = PBXBuildFile; fileRef = EE2B41832248684A00A8FD5A /* AppDelegate.m */; };
		EE2B41872248684A00A8FD5A /* ViewController.m in Sources */ = {isa = PBXBuildFile; fileRef = EE2B41862248684A00A8FD5A /* ViewController.m */; };
		EE2B418A2248684A00A8FD5A /* Main.storyboard in Resources */ = {isa = PBXBuildFile; fileRef = EE2B41882248684A00A8FD5A /* Main.storyboard */; };
		EE2B418C2248684B00A8FD5A /* Assets.xcassets in Resources */ = {isa = PBXBuildFile; fileRef = EE2B418B2248684B00A8FD5A /* Assets.xcassets */; };
		EE2B418F2248684B00A8FD5A /* LaunchScreen.storyboard in Resources */ = {isa = PBXBuildFile; fileRef = EE2B418D2248684B00A8FD5A /* LaunchScreen.storyboard */; };
		EE2B41922248684B00A8FD5A /* main.m in Sources */ = {isa = PBXBuildFile; fileRef = EE2B41912248684B00A8FD5A /* main.m */; };
		EE2B419C2248684B00A8FD5A /* UniversalJumpTests.m in Sources */ = {isa = PBXBuildFile; fileRef = EE2B419B2248684B00A8FD5A /* UniversalJumpTests.m */; };
		EE2B41A72248684B00A8FD5A /* UniversalJumpUITests.m in Sources */ = {isa = PBXBuildFile; fileRef = EE2B41A62248684B00A8FD5A /* UniversalJumpUITests.m */; };
		EE2B41B6224876C700A8FD5A /* FirstViewController.m in Sources */ = {isa = PBXBuildFile; fileRef = EE2B41B5224876C700A8FD5A /* FirstViewController.m */; };
		EE2B41B9224876F900A8FD5A /* SecondViewController.m in Sources */ = {isa = PBXBuildFile; fileRef = EE2B41B8224876F900A8FD5A /* SecondViewController.m */; };
		EE2B41BC2248773A00A8FD5A /* ThredViewController.m in Sources */ = {isa = PBXBuildFile; fileRef = EE2B41BB2248773A00A8FD5A /* ThredViewController.m */; };
/* End PBXBuildFile section */

/* Begin PBXContainerItemProxy section */
		EE2B41982248684B00A8FD5A /* PBXContainerItemProxy */ = {
			isa = PBXContainerItemProxy;
			containerPortal = EE2B41772248684A00A8FD5A /* Project object */;
			proxyType = 1;
			remoteGlobalIDString = EE2B417E2248684A00A8FD5A;
			remoteInfo = UniversalJump;
		};
		EE2B41A32248684B00A8FD5A /* PBXContainerItemProxy */ = {
			isa = PBXContainerItemProxy;
			containerPortal = EE2B41772248684A00A8FD5A /* Project object */;
			proxyType = 1;
			remoteGlobalIDString = EE2B417E2248684A00A8FD5A;
			remoteInfo = UniversalJump;
		};
/* End PBXContainerItemProxy section */

/* Begin PBXFileReference section */
		EE2B417F2248684A00A8FD5A /* UniversalJump.app */ = {isa = PBXFileReference; explicitFileType = wrapper.application; includeInIndex = 0; path = UniversalJump.app; sourceTree = BUILT_PRODUCTS_DIR; };
		EE2B41822248684A00A8FD5A /* AppDelegate.h */ = {isa = PBXFileReference; lastKnownFileType = sourcecode.c.h; path = AppDelegate.h; sourceTree = "<group>"; };
		EE2B41832248684A00A8FD5A /* AppDelegate.m */ = {isa = PBXFileReference; lastKnownFileType = sourcecode.c.objc; path = AppDelegate.m; sourceTree = "<group>"; };
		EE2B41852248684A00A8FD5A /* ViewController.h */ = {isa = PBXFileReference; lastKnownFileType = sourcecode.c.h; path = ViewController.h; sourceTree = "<group>"; };
		EE2B41862248684A00A8FD5A /* ViewController.m */ = {isa = PBXFileReference; lastKnownFileType = sourcecode.c.objc; path = ViewController.m; sourceTree = "<group>"; };
		EE2B41892248684A00A8FD5A /* Base */ = {isa = PBXFileReference; lastKnownFileType = file.storyboard; name = Base; path = Base.lproj/Main.storyboard; sourceTree = "<group>"; };
		EE2B418B2248684B00A8FD5A /* Assets.xcassets */ = {isa = PBXFileReference; lastKnownFileType = folder.assetcatalog; path = Assets.xcassets; sourceTree = "<group>"; };
		EE2B418E2248684B00A8FD5A /* Base */ = {isa = PBXFileReference; lastKnownFileType = file.storyboard; name = Base; path = Base.lproj/LaunchScreen.storyboard; sourceTree = "<group>"; };
		EE2B41902248684B00A8FD5A /* Info.plist */ = {isa = PBXFileReference; lastKnownFileType = text.plist.xml; path = Info.plist; sourceTree = "<group>"; };
		EE2B41912248684B00A8FD5A /* main.m */ = {isa = PBXFileReference; lastKnownFileType = sourcecode.c.objc; path = main.m; sourceTree = "<group>"; };
		EE2B41972248684B00A8FD5A /* UniversalJumpTests.xctest */ = {isa = PBXFileReference; explicitFileType = wrapper.cfbundle; includeInIndex = 0; path = UniversalJumpTests.xctest; sourceTree = BUILT_PRODUCTS_DIR; };
		EE2B419B2248684B00A8FD5A /* UniversalJumpTests.m */ = {isa = PBXFileReference; lastKnownFileType = sourcecode.c.objc; path = UniversalJumpTests.m; sourceTree = "<group>"; };
		EE2B419D2248684B00A8FD5A /* Info.plist */ = {isa = PBXFileReference; lastKnownFileType = text.plist.xml; path = Info.plist; sourceTree = "<group>"; };
		EE2B41A22248684B00A8FD5A /* UniversalJumpUITests.xctest */ = {isa = PBXFileReference; explicitFileType = wrapper.cfbundle; includeInIndex = 0; path = UniversalJumpUITests.xctest; sourceTree = BUILT_PRODUCTS_DIR; };
		EE2B41A62248684B00A8FD5A /* UniversalJumpUITests.m */ = {isa = PBXFileReference; lastKnownFileType = sourcecode.c.objc; path = UniversalJumpUITests.m; sourceTree = "<group>"; };
		EE2B41A82248684B00A8FD5A /* Info.plist */ = {isa = PBXFileReference; lastKnownFileType = text.plist.xml; path = Info.plist; sourceTree = "<group>"; };
		EE2B41B4224876C700A8FD5A /* FirstViewController.h */ = {isa = PBXFileReference; lastKnownFileType = sourcecode.c.h; path = FirstViewController.h; sourceTree = "<group>"; };
		EE2B41B5224876C700A8FD5A /* FirstViewController.m */ = {isa = PBXFileReference; lastKnownFileType = sourcecode.c.objc; path = FirstViewController.m; sourceTree = "<group>"; };
		EE2B41B7224876F900A8FD5A /* SecondViewController.h */ = {isa = PBXFileReference; lastKnownFileType = sourcecode.c.h; path = SecondViewController.h; sourceTree = "<group>"; };
		EE2B41B8224876F900A8FD5A /* SecondViewController.m */ = {isa = PBXFileReference; lastKnownFileType = sourcecode.c.objc; path = SecondViewController.m; sourceTree = "<group>"; };
		EE2B41BA2248773A00A8FD5A /* ThredViewController.h */ = {isa = PBXFileReference; lastKnownFileType = sourcecode.c.h; path = ThredViewController.h; sourceTree = "<group>"; };
		EE2B41BB2248773A00A8FD5A /* ThredViewController.m */ = {isa = PBXFileReference; lastKnownFileType = sourcecode.c.objc; path = ThredViewController.m; sourceTree = "<group>"; };
/* End PBXFileReference section */

/* Begin PBXFrameworksBuildPhase section */
		EE2B417C2248684A00A8FD5A /* Frameworks */ = {
			isa = PBXFrameworksBuildPhase;
			buildActionMask = 2147483647;
			files = (
			);
			runOnlyForDeploymentPostprocessing = 0;
		};
		EE2B41942248684B00A8FD5A /* Frameworks */ = {
			isa = PBXFrameworksBuildPhase;
			buildActionMask = 2147483647;
			files = (
			);
			runOnlyForDeploymentPostprocessing = 0;
		};
		EE2B419F2248684B00A8FD5A /* Frameworks */ = {
			isa = PBXFrameworksBuildPhase;
			buildActionMask = 2147483647;
			files = (
			);
			runOnlyForDeploymentPostprocessing = 0;
		};
/* End PBXFrameworksBuildPhase section */

/* Begin PBXGroup section */
		EE2B41762248684A00A8FD5A = {
			isa = PBXGroup;
			children = (
				EE2B41812248684A00A8FD5A /* UniversalJump */,
				EE2B419A2248684B00A8FD5A /* UniversalJumpTests */,
				EE2B41A52248684B00A8FD5A /* UniversalJumpUITests */,
				EE2B41802248684A00A8FD5A /* Products */,
			);
			sourceTree = "<group>";
		};
		EE2B41802248684A00A8FD5A /* Products */ = {
			isa = PBXGroup;
			children = (
				EE2B417F2248684A00A8FD5A /* UniversalJump.app */,
				EE2B41972248684B00A8FD5A /* UniversalJumpTests.xctest */,
				EE2B41A22248684B00A8FD5A /* UniversalJumpUITests.xctest */,
			);
			name = Products;
			sourceTree = "<group>";
		};
		EE2B41812248684A00A8FD5A /* UniversalJump */ = {
			isa = PBXGroup;
			children = (
				EE2B41822248684A00A8FD5A /* AppDelegate.h */,
				EE2B41832248684A00A8FD5A /* AppDelegate.m */,
				EE2B41852248684A00A8FD5A /* ViewController.h */,
				EE2B41862248684A00A8FD5A /* ViewController.m */,
				EE2B41B4224876C700A8FD5A /* FirstViewController.h */,
				EE2B41B5224876C700A8FD5A /* FirstViewController.m */,
				EE2B41B7224876F900A8FD5A /* SecondViewController.h */,
				EE2B41B8224876F900A8FD5A /* SecondViewController.m */,
				EE2B41BA2248773A00A8FD5A /* ThredViewController.h */,
				EE2B41BB2248773A00A8FD5A /* ThredViewController.m */,
				EE2B41882248684A00A8FD5A /* Main.storyboard */,
				EE2B418B2248684B00A8FD5A /* Assets.xcassets */,
				EE2B418D2248684B00A8FD5A /* LaunchScreen.storyboard */,
				EE2B41902248684B00A8FD5A /* Info.plist */,
				EE2B41912248684B00A8FD5A /* main.m */,
			);
			path = UniversalJump;
			sourceTree = "<group>";
		};
		EE2B419A2248684B00A8FD5A /* UniversalJumpTests */ = {
			isa = PBXGroup;
			children = (
				EE2B419B2248684B00A8FD5A /* UniversalJumpTests.m */,
				EE2B419D2248684B00A8FD5A /* Info.plist */,
			);
			path = UniversalJumpTests;
			sourceTree = "<group>";
		};
		EE2B41A52248684B00A8FD5A /* UniversalJumpUITests */ = {
			isa = PBXGroup;
			children = (
				EE2B41A62248684B00A8FD5A /* UniversalJumpUITests.m */,
				EE2B41A82248684B00A8FD5A /* Info.plist */,
			);
			path = UniversalJumpUITests;
			sourceTree = "<group>";
		};
/* End PBXGroup section */

/* Begin PBXNativeTarget section */
		EE2B417E2248684A00A8FD5A /* UniversalJump */ = {
			isa = PBXNativeTarget;
			buildConfigurationList = EE2B41AB2248684B00A8FD5A /* Build configuration list for PBXNativeTarget "UniversalJump" */;
			buildPhases = (
				EE2B417B2248684A00A8FD5A /* Sources */,
				EE2B417C2248684A00A8FD5A /* Frameworks */,
				EE2B417D2248684A00A8FD5A /* Resources */,
			);
			buildRules = (
			);
			dependencies = (
			);
			name = UniversalJump;
			productName = UniversalJump;
			productReference = EE2B417F2248684A00A8FD5A /* UniversalJump.app */;
			productType = "com.apple.product-type.application";
		};
		EE2B41962248684B00A8FD5A /* UniversalJumpTests */ = {
			isa = PBXNativeTarget;
			buildConfigurationList = EE2B41AE2248684B00A8FD5A /* Build configuration list for PBXNativeTarget "UniversalJumpTests" */;
			buildPhases = (
				EE2B41932248684B00A8FD5A /* Sources */,
				EE2B41942248684B00A8FD5A /* Frameworks */,
				EE2B41952248684B00A8FD5A /* Resources */,
			);
			buildRules = (
			);
			dependencies = (
				EE2B41992248684B00A8FD5A /* PBXTargetDependency */,
			);
			name = UniversalJumpTests;
			productName = UniversalJumpTests;
			productReference = EE2B41972248684B00A8FD5A /* UniversalJumpTests.xctest */;
			productType = "com.apple.product-type.bundle.unit-test";
		};
		EE2B41A12248684B00A8FD5A /* UniversalJumpUITests */ = {
			isa = PBXNativeTarget;
			buildConfigurationList = EE2B41B12248684B00A8FD5A /* Build configuration list for PBXNativeTarget "UniversalJumpUITests" */;
			buildPhases = (
				EE2B419E2248684B00A8FD5A /* Sources */,
				EE2B419F2248684B00A8FD5A /* Frameworks */,
				EE2B41A02248684B00A8FD5A /* Resources */,
			);
			buildRules = (
			);
			dependencies = (
				EE2B41A42248684B00A8FD5A /* PBXTargetDependency */,
			);
			name = UniversalJumpUITests;
			productName = UniversalJumpUITests;
			productReference = EE2B41A22248684B00A8FD5A /* UniversalJumpUITests.xctest */;
			productType = "com.apple.product-type.bundle.ui-testing";
		};
/* End PBXNativeTarget section */

/* Begin PBXProject section */
		EE2B41772248684A00A8FD5A /* Project object */ = {
			isa = PBXProject;
			attributes = {
				LastUpgradeCheck = 1010;
				ORGANIZATIONNAME = yinhe;
				TargetAttributes = {
					EE2B417E2248684A00A8FD5A = {
						CreatedOnToolsVersion = 10.1;
					};
					EE2B41962248684B00A8FD5A = {
						CreatedOnToolsVersion = 10.1;
						TestTargetID = EE2B417E2248684A00A8FD5A;
					};
					EE2B41A12248684B00A8FD5A = {
						CreatedOnToolsVersion = 10.1;
						TestTargetID = EE2B417E2248684A00A8FD5A;
					};
				};
			};
			buildConfigurationList = EE2B417A2248684A00A8FD5A /* Build configuration list for PBXProject "UniversalJump" */;
			compatibilityVersion = "Xcode 9.3";
			developmentRegion = en;
			hasScannedForEncodings = 0;
			knownRegions = (
				en,
				Base,
			);
			mainGroup = EE2B41762248684A00A8FD5A;
			productRefGroup = EE2B41802248684A00A8FD5A /* Products */;
			projectDirPath = "";
			projectRoot = "";
			targets = (
				EE2B417E2248684A00A8FD5A /* UniversalJump */,
				EE2B41962248684B00A8FD5A /* UniversalJumpTests */,
				EE2B41A12248684B00A8FD5A /* UniversalJumpUITests */,
			);
		};
/* End PBXProject section */

/* Begin PBXResourcesBuildPhase section */
		EE2B417D2248684A00A8FD5A /* Resources */ = {
			isa = PBXResourcesBuildPhase;
			buildActionMask = 2147483647;
			files = (
				EE2B418F2248684B00A8FD5A /* LaunchScreen.storyboard in Resources */,
				EE2B418C2248684B00A8FD5A /* Assets.xcassets in Resources */,
				EE2B418A2248684A00A8FD5A /* Main.storyboard in Resources */,
			);
			runOnlyForDeploymentPostprocessing = 0;
		};
		EE2B41952248684B00A8FD5A /* Resources */ = {
			isa = PBXResourcesBuildPhase;
			buildActionMask = 2147483647;
			files = (
			);
			runOnlyForDeploymentPostprocessing = 0;
		};
		EE2B41A02248684B00A8FD5A /* Resources */ = {
			isa = PBXResourcesBuildPhase;
			buildActionMask = 2147483647;
			files = (
			);
			runOnlyForDeploymentPostprocessing = 0;
		};
/* End PBXResourcesBuildPhase section */

/* Begin PBXSourcesBuildPhase section */
		EE2B417B2248684A00A8FD5A /* Sources */ = {
			isa = PBXSourcesBuildPhase;
			buildActionMask = 2147483647;
			files = (
				EE2B41B9224876F900A8FD5A /* SecondViewController.m in Sources */,
				EE2B41872248684A00A8FD5A /* ViewController.m in Sources */,
				EE2B41922248684B00A8FD5A /* main.m in Sources */,
				EE2B41842248684A00A8FD5A /* AppDelegate.m in Sources */,
				EE2B41BC2248773A00A8FD5A /* ThredViewController.m in Sources */,
				EE2B41B6224876C700A8FD5A /* FirstViewController.m in Sources */,
			);
			runOnlyForDeploymentPostprocessing = 0;
		};
		EE2B41932248684B00A8FD5A /* Sources */ = {
			isa = PBXSourcesBuildPhase;
			buildActionMask = 2147483647;
			files = (
				EE2B419C2248684B00A8FD5A /* UniversalJumpTests.m in Sources */,
			);
			runOnlyForDeploymentPostprocessing = 0;
		};
		EE2B419E2248684B00A8FD5A /* Sources */ = {
			isa = PBXSourcesBuildPhase;
			buildActionMask = 2147483647;
			files = (
				EE2B41A72248684B00A8FD5A /* UniversalJumpUITests.m in Sources */,
			);
			runOnlyForDeploymentPostprocessing = 0;
		};
/* End PBXSourcesBuildPhase section */

/* Begin PBXTargetDependency section */
		EE2B41992248684B00A8FD5A /* PBXTargetDependency */ = {
			isa = PBXTargetDependency;
			target = EE2B417E2248684A00A8FD5A /* UniversalJump */;
			targetProxy = EE2B41982248684B00A8FD5A /* PBXContainerItemProxy */;
		};
		EE2B41A42248684B00A8FD5A /* PBXTargetDependency */ = {
			isa = PBXTargetDependency;
			target = EE2B417E2248684A00A8FD5A /* UniversalJump */;
			targetProxy = EE2B41A32248684B00A8FD5A /* PBXContainerItemProxy */;
		};
/* End PBXTargetDependency section */

/* Begin PBXVariantGroup section */
		EE2B41882248684A00A8FD5A /* Main.storyboard */ = {
			isa = PBXVariantGroup;
			children = (
				EE2B41892248684A00A8FD5A /* Base */,
			);
			name = Main.storyboard;
			sourceTree = "<group>";
		};
		EE2B418D2248684B00A8FD5A /* LaunchScreen.storyboard */ = {
			isa = PBXVariantGroup;
			children = (
				EE2B418E2248684B00A8FD5A /* Base */,
			);
			name = LaunchScreen.storyboard;
			sourceTree = "<group>";
		};
/* End PBXVariantGroup section */

/* Begin XCBuildConfiguration section */
		EE2B41A92248684B00A8FD5A /* Debug */ = {
			isa = XCBuildConfiguration;
			buildSettings = {
				ALWAYS_SEARCH_USER_PATHS = NO;
				CLANG_ANALYZER_NONNULL = YES;
				CLANG_ANALYZER_NUMBER_OBJECT_CONVERSION = YES_AGGRESSIVE;
				CLANG_CXX_LANGUAGE_STANDARD = "gnu++14";
				CLANG_CXX_LIBRARY = "libc++";
				CLANG_ENABLE_MODULES = YES;
				CLANG_ENABLE_OBJC_ARC = YES;
				CLANG_ENABLE_OBJC_WEAK = YES;
				CLANG_WARN_BLOCK_CAPTURE_AUTORELEASING = YES;
				CLANG_WARN_BOOL_CONVERSION = YES;
				CLANG_WARN_COMMA = YES;
				CLANG_WARN_CONSTANT_CONVERSION = YES;
				CLANG_WARN_DEPRECATED_OBJC_IMPLEMENTATIONS = YES;
				CLANG_WARN_DIRECT_OBJC_ISA_USAGE = YES_ERROR;
				CLANG_WARN_DOCUMENTATION_COMMENTS = YES;
				CLANG_WARN_EMPTY_BODY = YES;
				CLANG_WARN_ENUM_CONVERSION = YES;
				CLANG_WARN_INFINITE_RECURSION = YES;
				CLANG_WARN_INT_CONVERSION = YES;
				CLANG_WARN_NON_LITERAL_NULL_CONVERSION = YES;
				CLANG_WARN_OBJC_IMPLICIT_RETAIN_SELF = YES;
				CLANG_WARN_OBJC_LITERAL_CONVERSION = YES;
				CLANG_WARN_OBJC_ROOT_CLASS = YES_ERROR;
				CLANG_WARN_RANGE_LOOP_ANALYSIS = YES;
				CLANG_WARN_STRICT_PROTOTYPES = YES;
				CLANG_WARN_SUSPICIOUS_MOVE = YES;
				CLANG_WARN_UNGUARDED_AVAILABILITY = YES_AGGRESSIVE;
				CLANG_WARN_UNREACHABLE_CODE = YES;
				CLANG_WARN__DUPLICATE_METHOD_MATCH = YES;
				CODE_SIGN_IDENTITY = "iPhone Developer";
				COPY_PHASE_STRIP = NO;
				DEBUG_INFORMATION_FORMAT = dwarf;
				ENABLE_STRICT_OBJC_MSGSEND = YES;
				ENABLE_TESTABILITY = YES;
				GCC_C_LANGUAGE_STANDARD = gnu11;
				GCC_DYNAMIC_NO_PIC = NO;
				GCC_NO_COMMON_BLOCKS = YES;
				GCC_OPTIMIZATION_LEVEL = 0;
				GCC_PREPROCESSOR_DEFINITIONS = (
					"DEBUG=1",
					"$(inherited)",
				);
				GCC_WARN_64_TO_32_BIT_CONVERSION = YES;
				GCC_WARN_ABOUT_RETURN_TYPE = YES_ERROR;
				GCC_WARN_UNDECLARED_SELECTOR = YES;
				GCC_WARN_UNINITIALIZED_AUTOS = YES_AGGRESSIVE;
				GCC_WARN_UNUSED_FUNCTION = YES;
				GCC_WARN_UNUSED_VARIABLE = YES;
				IPHONEOS_DEPLOYMENT_TARGET = 12.1;
				MTL_ENABLE_DEBUG_INFO = INCLUDE_SOURCE;
				MTL_FAST_MATH = YES;
				ONLY_ACTIVE_ARCH = YES;
				SDKROOT = iphoneos;
			};
			name = Debug;
		};
		EE2B41AA2248684B00A8FD5A /* Release */ = {
			isa = XCBuildConfiguration;
			buildSettings = {
				ALWAYS_SEARCH_USER_PATHS = NO;
				CLANG_ANALYZER_NONNULL = YES;
				CLANG_ANALYZER_NUMBER_OBJECT_CONVERSION = YES_AGGRESSIVE;
				CLANG_CXX_LANGUAGE_STANDARD = "gnu++14";
				CLANG_CXX_LIBRARY = "libc++";
				CLANG_ENABLE_MODULES = YES;
				CLANG_ENABLE_OBJC_ARC = YES;
				CLANG_ENABLE_OBJC_WEAK = YES;
				CLANG_WARN_BLOCK_CAPTURE_AUTORELEASING = YES;
				CLANG_WARN_BOOL_CONVERSION = YES;
				CLANG_WARN_COMMA = YES;
				CLANG_WARN_CONSTANT_CONVERSION = YES;
				CLANG_WARN_DEPRECATED_OBJC_IMPLEMENTATIONS = YES;
				CLANG_WARN_DIRECT_OBJC_ISA_USAGE = YES_ERROR;
				CLANG_WARN_DOCUMENTATION_COMMENTS = YES;
				CLANG_WARN_EMPTY_BODY = YES;
				CLANG_WARN_ENUM_CONVERSION = YES;
				CLANG_WARN_INFINITE_RECURSION = YES;
				CLANG_WARN_INT_CONVERSION = YES;
				CLANG_WARN_NON_LITERAL_NULL_CONVERSION = YES;
				CLANG_WARN_OBJC_IMPLICIT_RETAIN_SELF = YES;
				CLANG_WARN_OBJC_LITERAL_CONVERSION = YES;
				CLANG_WARN_OBJC_ROOT_CLASS = YES_ERROR;
				CLANG_WARN_RANGE_LOOP_ANALYSIS = YES;
				CLANG_WARN_STRICT_PROTOTYPES = YES;
				CLANG_WARN_SUSPICIOUS_MOVE = YES;
				CLANG_WARN_UNGUARDED_AVAILABILITY = YES_AGGRESSIVE;
				CLANG_WARN_UNREACHABLE_CODE = YES;
				CLANG_WARN__DUPLICATE_METHOD_MATCH = YES;
				CODE_SIGN_IDENTITY = "iPhone Developer";
				COPY_PHASE_STRIP = NO;
				DEBUG_INFORMATION_FORMAT = "dwarf-with-dsym";
				ENABLE_NS_ASSERTIONS = NO;
				ENABLE_STRICT_OBJC_MSGSEND = YES;
				GCC_C_LANGUAGE_STANDARD = gnu11;
				GCC_NO_COMMON_BLOCKS = YES;
				GCC_WARN_64_TO_32_BIT_CONVERSION = YES;
				GCC_WARN_ABOUT_RETURN_TYPE = YES_ERROR;
				GCC_WARN_UNDECLARED_SELECTOR = YES;
				GCC_WARN_UNINITIALIZED_AUTOS = YES_AGGRESSIVE;
				GCC_WARN_UNUSED_FUNCTION = YES;
				GCC_WARN_UNUSED_VARIABLE = YES;
				IPHONEOS_DEPLOYMENT_TARGET = 12.1;
				MTL_ENABLE_DEBUG_INFO = NO;
				MTL_FAST_MATH = YES;
				SDKROOT = iphoneos;
				VALIDATE_PRODUCT = YES;
			};
			name = Release;
		};
		EE2B41AC2248684B00A8FD5A /* Debug */ = {
			isa = XCBuildConfiguration;
			buildSettings = {
				ASSETCATALOG_COMPILER_APPICON_NAME = AppIcon;
				CODE_SIGN_STYLE = Automatic;
				DEVELOPMENT_TEAM = 9Z6V628XF8;
				INFOPLIST_FILE = UniversalJump/Info.plist;
				LD_RUNPATH_SEARCH_PATHS = (
					"$(inherited)",
					"@executable_path/Frameworks",
				);
				PRODUCT_BUNDLE_IDENTIFIER = com.cloudkitchen.mobile.UniversalJump;
				PRODUCT_NAME = "$(TARGET_NAME)";
				TARGETED_DEVICE_FAMILY = "1,2";
			};
			name = Debug;
		};
		EE2B41AD2248684B00A8FD5A /* Release */ = {
			isa = XCBuildConfiguration;
			buildSettings = {
				ASSETCATALOG_COMPILER_APPICON_NAME = AppIcon;
				CODE_SIGN_STYLE = Automatic;
				DEVELOPMENT_TEAM = 9Z6V628XF8;
				INFOPLIST_FILE = UniversalJump/Info.plist;
				LD_RUNPATH_SEARCH_PATHS = (
					"$(inherited)",
					"@executable_path/Frameworks",
				);
				PRODUCT_BUNDLE_IDENTIFIER = com.cloudkitchen.mobile.UniversalJump;
				PRODUCT_NAME = "$(TARGET_NAME)";
				TARGETED_DEVICE_FAMILY = "1,2";
			};
			name = Release;
		};
		EE2B41AF2248684B00A8FD5A /* Debug */ = {
			isa = XCBuildConfiguration;
			buildSettings = {
				BUNDLE_LOADER = "$(TEST_HOST)";
				CODE_SIGN_STYLE = Automatic;
				DEVELOPMENT_TEAM = 9Z6V628XF8;
				INFOPLIST_FILE = UniversalJumpTests/Info.plist;
				LD_RUNPATH_SEARCH_PATHS = (
					"$(inherited)",
					"@executable_path/Frameworks",
					"@loader_path/Frameworks",
				);
				PRODUCT_BUNDLE_IDENTIFIER = com.cloudkitchen.mobile.UniversalJumpTests;
				PRODUCT_NAME = "$(TARGET_NAME)";
				TARGETED_DEVICE_FAMILY = "1,2";
				TEST_HOST = "$(BUILT_PRODUCTS_DIR)/UniversalJump.app/UniversalJump";
			};
			name = Debug;
		};
		EE2B41B02248684B00A8FD5A /* Release */ = {
			isa = XCBuildConfiguration;
			buildSettings = {
				BUNDLE_LOADER = "$(TEST_HOST)";
				CODE_SIGN_STYLE = Automatic;
				DEVELOPMENT_TEAM = 9Z6V628XF8;
				INFOPLIST_FILE = UniversalJumpTests/Info.plist;
				LD_RUNPATH_SEARCH_PATHS = (
					"$(inherited)",
					"@executable_path/Frameworks",
					"@loader_path/Frameworks",
				);
				PRODUCT_BUNDLE_IDENTIFIER = com.cloudkitchen.mobile.UniversalJumpTests;
				PRODUCT_NAME = "$(TARGET_NAME)";
				TARGETED_DEVICE_FAMILY = "1,2";
				TEST_HOST = "$(BUILT_PRODUCTS_DIR)/UniversalJump.app/UniversalJump";
			};
			name = Release;
		};
		EE2B41B22248684B00A8FD5A /* Debug */ = {
			isa = XCBuildConfiguration;
			buildSettings = {
				CODE_SIGN_STYLE = Automatic;
				DEVELOPMENT_TEAM = 9Z6V628XF8;
				INFOPLIST_FILE = UniversalJumpUITests/Info.plist;
				LD_RUNPATH_SEARCH_PATHS = (
					"$(inherited)",
					"@executable_path/Frameworks",
					"@loader_path/Frameworks",
				);
				PRODUCT_BUNDLE_IDENTIFIER = com.cloudkitchen.mobile.UniversalJumpUITests;
				PRODUCT_NAME = "$(TARGET_NAME)";
				TARGETED_DEVICE_FAMILY = "1,2";
				TEST_TARGET_NAME = UniversalJump;
			};
			name = Debug;
		};
		EE2B41B32248684B00A8FD5A /* Release */ = {
			isa = XCBuildConfiguration;
			buildSettings = {
				CODE_SIGN_STYLE = Automatic;
				DEVELOPMENT_TEAM = 9Z6V628XF8;
				INFOPLIST_FILE = UniversalJumpUITests/Info.plist;
				LD_RUNPATH_SEARCH_PATHS = (
					"$(inherited)",
					"@executable_path/Frameworks",
					"@loader_path/Frameworks",
				);
				PRODUCT_BUNDLE_IDENTIFIER = com.cloudkitchen.mobile.UniversalJumpUITests;
				PRODUCT_NAME = "$(TARGET_NAME)";
				TARGETED_DEVICE_FAMILY = "1,2";
				TEST_TARGET_NAME = UniversalJump;
			};
			name = Release;
		};
/* End XCBuildConfiguration section */

/* Begin XCConfigurationList section */
		EE2B417A2248684A00A8FD5A /* Build configuration list for PBXProject "UniversalJump" */ = {
			isa = XCConfigurationList;
			buildConfigurations = (
				EE2B41A92248684B00A8FD5A /* Debug */,
				EE2B41AA2248684B00A8FD5A /* Release */,
			);
			defaultConfigurationIsVisible = 0;
			defaultConfigurationName = Release;
		};
		EE2B41AB2248684B00A8FD5A /* Build configuration list for PBXNativeTarget "UniversalJump" */ = {
			isa = XCConfigurationList;
			buildConfigurations = (
				EE2B41AC2248684B00A8FD5A /* Debug */,
				EE2B41AD2248684B00A8FD5A /* Release */,
			);
			defaultConfigurationIsVisible = 0;
			defaultConfigurationName = Release;
		};
		EE2B41AE2248684B00A8FD5A /* Build configuration list for PBXNativeTarget "UniversalJumpTests" */ = {
			isa = XCConfigurationList;
			buildConfigurations = (
				EE2B41AF2248684B00A8FD5A /* Debug */,
				EE2B41B02248684B00A8FD5A /* Release */,
			);
			defaultConfigurationIsVisible = 0;
			defaultConfigurationName = Release;
		};
		EE2B41B12248684B00A8FD5A /* Build configuration list for PBXNativeTarget "UniversalJumpUITests" */ = {
			isa = XCConfigurationList;
			buildConfigurations = (
				EE2B41B22248684B00A8FD5A /* Debug */,
				EE2B41B32248684B00A8FD5A /* Release */,
			);
			defaultConfigurationIsVisible = 0;
			defaultConfigurationName = Release;
		};
/* End XCConfigurationList section */
	};
	rootObject = EE2B41772248684A00A8FD5A /* Project object */;
}
